
Microsoft Visual Studio Solution File, Format Version 12.00
# Visual Studio Version 17
VisualStudioVersion = 17.5.33424.131
MinimumVisualStudioVersion = 10.0.40219.1
Project("{9A19103F-16F7-4668-BE54-9A1E7A4F7556}") = "Exercicio01", "ListaExercicios01.Exercicio01\Exercicio01.csproj", "{B6634244-5D3F-4315-AD8E-2D9EA0C64A58}"
EndProject
Project("{FAE04EC0-301F-11D3-BF4B-00C04F79EFBC}") = "Exercicio02", "ListaExercicios01.Exercicio02\Exercicio02.csproj", "{D540114A-97EE-4F42-B3B9-B92CEF211035}"
EndProject
Project("{FAE04EC0-301F-11D3-BF4B-00C04F79EFBC}") = "Exercicio03", "ListaExercicios01.Exercicio03\Exercicio03.csproj", "{83C15F0F-F977-48C2-B7FA-5066D45F3898}"
EndProject
Project("{FAE04EC0-301F-11D3-BF4B-00C04F79EFBC}") = "Exercicio04", "ListaExercicio01.Exercicio04\Exercicio04.csproj", "{B585B881-A66C-4BA7-B8EF-9C14B7E7F1F5}"
EndProject
Project("{FAE04EC0-301F-11D3-BF4B-00C04F79EFBC}") = "Exercicio05", "Exercicio05\Exercicio05.csproj", "{D5D1BCAC-2D34-4570-B4C6-8FD96F67111B}"
EndProject
Project("{FAE04EC0-301F-11D3-BF4B-00C04F79EFBC}") = "Exercicio06", "Exercicio06\Exercicio06.csproj", "{F45396BD-99F8-411D-88A2-CA35A6124402}"
EndProject
Project("{FAE04EC0-301F-11D3-BF4B-00C04F79EFBC}") = "Exercicio07", "Exercicio07\Exercicio07.csproj", "{CD132281-C7DA-4F55-8601-41693D9812DE}"
EndProject
Project("{FAE04EC0-301F-11D3-BF4B-00C04F79EFBC}") = "Exercicio08", "Exercicio08\Exercicio08.csproj", "{EE3169CC-0BAC-4F5B-A6F5-7B2A982A3598}"
EndProject
Project("{FAE04EC0-301F-11D3-BF4B-00C04F79EFBC}") = "Exercicio09", "Exercicio09\Exercicio09.csproj", "{64BBB5B8-FF73-4028-B9B1-91EB6F86ABCC}"
EndProject
Project("{FAE04EC0-301F-11D3-BF4B-00C04F79EFBC}") = "Exercicio10", "Exercicio10\Exercicio10.csproj", "{5FD05DDA-A84F-4BEE-8E4B-2783D417F965}"
EndProject
Project("{FAE04EC0-301F-11D3-BF4B-00C04F79EFBC}") = "Exercicio11", "Exercicio11\Exercicio11.csproj", "{4D0552F5-6F18-43ED-9755-AEE61C7C5709}"
EndProject
Project("{FAE04EC0-301F-11D3-BF4B-00C04F79EFBC}") = "Exercicio12", "Exercicio12\Exercicio12.csproj", "{F3F9E53D-8D3D-44D0-A5B2-4EFEEAE79EFE}"
EndProject
Project("{FAE04EC0-301F-11D3-BF4B-00C04F79EFBC}") = "Exercicio13", "Exercicio13\Exercicio13.csproj", "{4EC5346A-4537-4CFE-BDC9-545AFB2F692D}"
EndProject
Project("{FAE04EC0-301F-11D3-BF4B-00C04F79EFBC}") = "Exercicio14", "Exercicio14\Exercicio14.csproj", "{13665D44-C8C3-4633-B4F0-B6520DA00825}"
EndProject
Project("{FAE04EC0-301F-11D3-BF4B-00C04F79EFBC}") = "Exercicio15", "Exercicio15\Exercicio15.csproj", "{48E40D63-7674-4C60-BCE2-F1B7D3D9FD29}"
EndProject
Project("{FAE04EC0-301F-11D3-BF4B-00C04F79EFBC}") = "Exercicio16", "Exercicio16\Exercicio16.csproj", "{D54D24DF-FF15-40F9-BFFD-79C673768687}"
EndProject
Project("{FAE04EC0-301F-11D3-BF4B-00C04F79EFBC}") = "Exercicio17", "Exercicio17\Exercicio17.csproj", "{2CBB69B6-D7C7-4F0E-9478-F0FDB8D7EE5F}"
EndProject
Project("{FAE04EC0-301F-11D3-BF4B-00C04F79EFBC}") = "Exercicio18", "Exercicio18\Exercicio18.csproj", "{99E43EE1-D813-4ACD-863A-52F3B61E653A}"
EndProject
Project("{FAE04EC0-301F-11D3-BF4B-00C04F79EFBC}") = "Exercicio19", "Exercicio19\Exercicio19.csproj", "{9CF3D40F-0258-4C0A-A0BC-79BDBA58CB39}"
EndProject
Project("{FAE04EC0-301F-11D3-BF4B-00C04F79EFBC}") = "Exercicio20", "Exercicio20\Exercicio20.csproj", "{3570E0A9-A728-445B-AF87-817A17A83F08}"
EndProject
Project("{FAE04EC0-301F-11D3-BF4B-00C04F79EFBC}") = "Exercicio21", "Exercicio21\Exercicio21.csproj", "{4338FA88-3B82-460B-8379-98997FDEA25C}"
EndProject
Project("{FAE04EC0-301F-11D3-BF4B-00C04F79EFBC}") = "Exercicio23", "Exercicio23\Exercicio23.csproj", "{DD3348B4-2C8D-44E2-B748-A1B99BFF0293}"
EndProject
Project("{FAE04EC0-301F-11D3-BF4B-00C04F79EFBC}") = "Exercicio24", "Exercicio24\Exercicio24.csproj", "{F7F937A8-5856-4F44-BFA6-583C8F8B28BA}"
EndProject
Project("{FAE04EC0-301F-11D3-BF4B-00C04F79EFBC}") = "Exercicio25", "Exercicio25\Exercicio25.csproj", "{43B7320F-8145-4C91-BE05-1FF7240E9845}"
EndProject
Project("{FAE04EC0-301F-11D3-BF4B-00C04F79EFBC}") = "Exercicio26", "Exercicio26\Exercicio26.csproj", "{765989CC-ECED-4CD4-A583-F63FB2146C43}"
EndProject
Project("{FAE04EC0-301F-11D3-BF4B-00C04F79EFBC}") = "Exercicio27", "Exercicio27\Exercicio27.csproj", "{A75DECD0-C55C-475F-B53F-3681EC40FAEA}"
EndProject
Project("{FAE04EC0-301F-11D3-BF4B-00C04F79EFBC}") = "Exercicio28", "Exercicio28\Exercicio28.csproj", "{DF1F7288-52A1-45CF-A817-C09CC79849D0}"
EndProject
Project("{FAE04EC0-301F-11D3-BF4B-00C04F79EFBC}") = "Exercicio29", "Exercicio29\Exercicio29.csproj", "{1812EBF3-F3C6-427C-B0D3-555AF8FC5692}"
EndProject
Global
	GlobalSection(SolutionConfigurationPlatforms) = preSolution
		Debug|Any CPU = Debug|Any CPU
		Release|Any CPU = Release|Any CPU
	EndGlobalSection
	GlobalSection(ProjectConfigurationPlatforms) = postSolution
		{B6634244-5D3F-4315-AD8E-2D9EA0C64A58}.Debug|Any CPU.ActiveCfg = Debug|Any CPU
		{B6634244-5D3F-4315-AD8E-2D9EA0C64A58}.Debug|Any CPU.Build.0 = Debug|Any CPU
		{B6634244-5D3F-4315-AD8E-2D9EA0C64A58}.Release|Any CPU.ActiveCfg = Release|Any CPU
		{B6634244-5D3F-4315-AD8E-2D9EA0C64A58}.Release|Any CPU.Build.0 = Release|Any CPU
		{D540114A-97EE-4F42-B3B9-B92CEF211035}.Debug|Any CPU.ActiveCfg = Debug|Any CPU
		{D540114A-97EE-4F42-B3B9-B92CEF211035}.Debug|Any CPU.Build.0 = Debug|Any CPU
		{D540114A-97EE-4F42-B3B9-B92CEF211035}.Release|Any CPU.ActiveCfg = Release|Any CPU
		{D540114A-97EE-4F42-B3B9-B92CEF211035}.Release|Any CPU.Build.0 = Release|Any CPU
		{83C15F0F-F977-48C2-B7FA-5066D45F3898}.Debug|Any CPU.ActiveCfg = Debug|Any CPU
		{83C15F0F-F977-48C2-B7FA-5066D45F3898}.Debug|Any CPU.Build.0 = Debug|Any CPU
		{83C15F0F-F977-48C2-B7FA-5066D45F3898}.Release|Any CPU.ActiveCfg = Release|Any CPU
		{83C15F0F-F977-48C2-B7FA-5066D45F3898}.Release|Any CPU.Build.0 = Release|Any CPU
		{B585B881-A66C-4BA7-B8EF-9C14B7E7F1F5}.Debug|Any CPU.ActiveCfg = Debug|Any CPU
		{B585B881-A66C-4BA7-B8EF-9C14B7E7F1F5}.Debug|Any CPU.Build.0 = Debug|Any CPU
		{B585B881-A66C-4BA7-B8EF-9C14B7E7F1F5}.Release|Any CPU.ActiveCfg = Release|Any CPU
		{B585B881-A66C-4BA7-B8EF-9C14B7E7F1F5}.Release|Any CPU.Build.0 = Release|Any CPU
		{D5D1BCAC-2D34-4570-B4C6-8FD96F67111B}.Debug|Any CPU.ActiveCfg = Debug|Any CPU
		{D5D1BCAC-2D34-4570-B4C6-8FD96F67111B}.Debug|Any CPU.Build.0 = Debug|Any CPU
		{D5D1BCAC-2D34-4570-B4C6-8FD96F67111B}.Release|Any CPU.ActiveCfg = Release|Any CPU
		{D5D1BCAC-2D34-4570-B4C6-8FD96F67111B}.Release|Any CPU.Build.0 = Release|Any CPU
		{F45396BD-99F8-411D-88A2-CA35A6124402}.Debug|Any CPU.ActiveCfg = Debug|Any CPU
		{F45396BD-99F8-411D-88A2-CA35A6124402}.Debug|Any CPU.Build.0 = Debug|Any CPU
		{F45396BD-99F8-411D-88A2-CA35A6124402}.Release|Any CPU.ActiveCfg = Release|Any CPU
		{F45396BD-99F8-411D-88A2-CA35A6124402}.Release|Any CPU.Build.0 = Release|Any CPU
		{CD132281-C7DA-4F55-8601-41693D9812DE}.Debug|Any CPU.ActiveCfg = Debug|Any CPU
		{CD132281-C7DA-4F55-8601-41693D9812DE}.Debug|Any CPU.Build.0 = Debug|Any CPU
		{CD132281-C7DA-4F55-8601-41693D9812DE}.Release|Any CPU.ActiveCfg = Release|Any CPU
		{CD132281-C7DA-4F55-8601-41693D9812DE}.Release|Any CPU.Build.0 = Release|Any CPU
		{EE3169CC-0BAC-4F5B-A6F5-7B2A982A3598}.Debug|Any CPU.ActiveCfg = Debug|Any CPU
		{EE3169CC-0BAC-4F5B-A6F5-7B2A982A3598}.Debug|Any CPU.Build.0 = Debug|Any CPU
		{EE3169CC-0BAC-4F5B-A6F5-7B2A982A3598}.Release|Any CPU.ActiveCfg = Release|Any CPU
		{EE3169CC-0BAC-4F5B-A6F5-7B2A982A3598}.Release|Any CPU.Build.0 = Release|Any CPU
		{64BBB5B8-FF73-4028-B9B1-91EB6F86ABCC}.Debug|Any CPU.ActiveCfg = Debug|Any CPU
		{64BBB5B8-FF73-4028-B9B1-91EB6F86ABCC}.Debug|Any CPU.Build.0 = Debug|Any CPU
		{64BBB5B8-FF73-4028-B9B1-91EB6F86ABCC}.Release|Any CPU.ActiveCfg = Release|Any CPU
		{64BBB5B8-FF73-4028-B9B1-91EB6F86ABCC}.Release|Any CPU.Build.0 = Release|Any CPU
		{5FD05DDA-A84F-4BEE-8E4B-2783D417F965}.Debug|Any CPU.ActiveCfg = Debug|Any CPU
		{5FD05DDA-A84F-4BEE-8E4B-2783D417F965}.Debug|Any CPU.Build.0 = Debug|Any CPU
		{5FD05DDA-A84F-4BEE-8E4B-2783D417F965}.Release|Any CPU.ActiveCfg = Release|Any CPU
		{5FD05DDA-A84F-4BEE-8E4B-2783D417F965}.Release|Any CPU.Build.0 = Release|Any CPU
		{4D0552F5-6F18-43ED-9755-AEE61C7C5709}.Debug|Any CPU.ActiveCfg = Debug|Any CPU
		{4D0552F5-6F18-43ED-9755-AEE61C7C5709}.Debug|Any CPU.Build.0 = Debug|Any CPU
		{4D0552F5-6F18-43ED-9755-AEE61C7C5709}.Release|Any CPU.ActiveCfg = Release|Any CPU
		{4D0552F5-6F18-43ED-9755-AEE61C7C5709}.Release|Any CPU.Build.0 = Release|Any CPU
		{F3F9E53D-8D3D-44D0-A5B2-4EFEEAE79EFE}.Debug|Any CPU.ActiveCfg = Debug|Any CPU
		{F3F9E53D-8D3D-44D0-A5B2-4EFEEAE79EFE}.Debug|Any CPU.Build.0 = Debug|Any CPU
		{F3F9E53D-8D3D-44D0-A5B2-4EFEEAE79EFE}.Release|Any CPU.ActiveCfg = Release|Any CPU
		{F3F9E53D-8D3D-44D0-A5B2-4EFEEAE79EFE}.Release|Any CPU.Build.0 = Release|Any CPU
		{4EC5346A-4537-4CFE-BDC9-545AFB2F692D}.Debug|Any CPU.ActiveCfg = Debug|Any CPU
		{4EC5346A-4537-4CFE-BDC9-545AFB2F692D}.Debug|Any CPU.Build.0 = Debug|Any CPU
		{4EC5346A-4537-4CFE-BDC9-545AFB2F692D}.Release|Any CPU.ActiveCfg = Release|Any CPU
		{4EC5346A-4537-4CFE-BDC9-545AFB2F692D}.Release|Any CPU.Build.0 = Release|Any CPU
		{13665D44-C8C3-4633-B4F0-B6520DA00825}.Debug|Any CPU.ActiveCfg = Debug|Any CPU
		{13665D44-C8C3-4633-B4F0-B6520DA00825}.Debug|Any CPU.Build.0 = Debug|Any CPU
		{13665D44-C8C3-4633-B4F0-B6520DA00825}.Release|Any CPU.ActiveCfg = Release|Any CPU
		{13665D44-C8C3-4633-B4F0-B6520DA00825}.Release|Any CPU.Build.0 = Release|Any CPU
		{48E40D63-7674-4C60-BCE2-F1B7D3D9FD29}.Debug|Any CPU.ActiveCfg = Debug|Any CPU
		{48E40D63-7674-4C60-BCE2-F1B7D3D9FD29}.Debug|Any CPU.Build.0 = Debug|Any CPU
		{48E40D63-7674-4C60-BCE2-F1B7D3D9FD29}.Release|Any CPU.ActiveCfg = Release|Any CPU
		{48E40D63-7674-4C60-BCE2-F1B7D3D9FD29}.Release|Any CPU.Build.0 = Release|Any CPU
		{D54D24DF-FF15-40F9-BFFD-79C673768687}.Debug|Any CPU.ActiveCfg = Debug|Any CPU
		{D54D24DF-FF15-40F9-BFFD-79C673768687}.Debug|Any CPU.Build.0 = Debug|Any CPU
		{D54D24DF-FF15-40F9-BFFD-79C673768687}.Release|Any CPU.ActiveCfg = Release|Any CPU
		{D54D24DF-FF15-40F9-BFFD-79C673768687}.Release|Any CPU.Build.0 = Release|Any CPU
		{2CBB69B6-D7C7-4F0E-9478-F0FDB8D7EE5F}.Debug|Any CPU.ActiveCfg = Debug|Any CPU
		{2CBB69B6-D7C7-4F0E-9478-F0FDB8D7EE5F}.Debug|Any CPU.Build.0 = Debug|Any CPU
		{2CBB69B6-D7C7-4F0E-9478-F0FDB8D7EE5F}.Release|Any CPU.ActiveCfg = Release|Any CPU
		{2CBB69B6-D7C7-4F0E-9478-F0FDB8D7EE5F}.Release|Any CPU.Build.0 = Release|Any CPU
		{99E43EE1-D813-4ACD-863A-52F3B61E653A}.Debug|Any CPU.ActiveCfg = Debug|Any CPU
		{99E43EE1-D813-4ACD-863A-52F3B61E653A}.Debug|Any CPU.Build.0 = Debug|Any CPU
		{99E43EE1-D813-4ACD-863A-52F3B61E653A}.Release|Any CPU.ActiveCfg = Release|Any CPU
		{99E43EE1-D813-4ACD-863A-52F3B61E653A}.Release|Any CPU.Build.0 = Release|Any CPU
		{9CF3D40F-0258-4C0A-A0BC-79BDBA58CB39}.Debug|Any CPU.ActiveCfg = Debug|Any CPU
		{9CF3D40F-0258-4C0A-A0BC-79BDBA58CB39}.Debug|Any CPU.Build.0 = Debug|Any CPU
		{9CF3D40F-0258-4C0A-A0BC-79BDBA58CB39}.Release|Any CPU.ActiveCfg = Release|Any CPU
		{9CF3D40F-0258-4C0A-A0BC-79BDBA58CB39}.Release|Any CPU.Build.0 = Release|Any CPU
		{3570E0A9-A728-445B-AF87-817A17A83F08}.Debug|Any CPU.ActiveCfg = Debug|Any CPU
		{3570E0A9-A728-445B-AF87-817A17A83F08}.Debug|Any CPU.Build.0 = Debug|Any CPU
		{3570E0A9-A728-445B-AF87-817A17A83F08}.Release|Any CPU.ActiveCfg = Release|Any CPU
		{3570E0A9-A728-445B-AF87-817A17A83F08}.Release|Any CPU.Build.0 = Release|Any CPU
		{4338FA88-3B82-460B-8379-98997FDEA25C}.Debug|Any CPU.ActiveCfg = Debug|Any CPU
		{4338FA88-3B82-460B-8379-98997FDEA25C}.Debug|Any CPU.Build.0 = Debug|Any CPU
		{4338FA88-3B82-460B-8379-98997FDEA25C}.Release|Any CPU.ActiveCfg = Release|Any CPU
		{4338FA88-3B82-460B-8379-98997FDEA25C}.Release|Any CPU.Build.0 = Release|Any CPU
		{DD3348B4-2C8D-44E2-B748-A1B99BFF0293}.Debug|Any CPU.ActiveCfg = Debug|Any CPU
		{DD3348B4-2C8D-44E2-B748-A1B99BFF0293}.Debug|Any CPU.Build.0 = Debug|Any CPU
		{DD3348B4-2C8D-44E2-B748-A1B99BFF0293}.Release|Any CPU.ActiveCfg = Release|Any CPU
		{DD3348B4-2C8D-44E2-B748-A1B99BFF0293}.Release|Any CPU.Build.0 = Release|Any CPU
		{F7F937A8-5856-4F44-BFA6-583C8F8B28BA}.Debug|Any CPU.ActiveCfg = Debug|Any CPU
		{F7F937A8-5856-4F44-BFA6-583C8F8B28BA}.Debug|Any CPU.Build.0 = Debug|Any CPU
		{F7F937A8-5856-4F44-BFA6-583C8F8B28BA}.Release|Any CPU.ActiveCfg = Release|Any CPU
		{F7F937A8-5856-4F44-BFA6-583C8F8B28BA}.Release|Any CPU.Build.0 = Release|Any CPU
		{43B7320F-8145-4C91-BE05-1FF7240E9845}.Debug|Any CPU.ActiveCfg = Debug|Any CPU
		{43B7320F-8145-4C91-BE05-1FF7240E9845}.Debug|Any CPU.Build.0 = Debug|Any CPU
		{43B7320F-8145-4C91-BE05-1FF7240E9845}.Release|Any CPU.ActiveCfg = Release|Any CPU
		{43B7320F-8145-4C91-BE05-1FF7240E9845}.Release|Any CPU.Build.0 = Release|Any CPU
		{765989CC-ECED-4CD4-A583-F63FB2146C43}.Debug|Any CPU.ActiveCfg = Debug|Any CPU
		{765989CC-ECED-4CD4-A583-F63FB2146C43}.Debug|Any CPU.Build.0 = Debug|Any CPU
		{765989CC-ECED-4CD4-A583-F63FB2146C43}.Release|Any CPU.ActiveCfg = Release|Any CPU
		{765989CC-ECED-4CD4-A583-F63FB2146C43}.Release|Any CPU.Build.0 = Release|Any CPU
		{A75DECD0-C55C-475F-B53F-3681EC40FAEA}.Debug|Any CPU.ActiveCfg = Debug|Any CPU
		{A75DECD0-C55C-475F-B53F-3681EC40FAEA}.Debug|Any CPU.Build.0 = Debug|Any CPU
		{A75DECD0-C55C-475F-B53F-3681EC40FAEA}.Release|Any CPU.ActiveCfg = Release|Any CPU
		{A75DECD0-C55C-475F-B53F-3681EC40FAEA}.Release|Any CPU.Build.0 = Release|Any CPU
		{DF1F7288-52A1-45CF-A817-C09CC79849D0}.Debug|Any CPU.ActiveCfg = Debug|Any CPU
		{DF1F7288-52A1-45CF-A817-C09CC79849D0}.Debug|Any CPU.Build.0 = Debug|Any CPU
		{DF1F7288-52A1-45CF-A817-C09CC79849D0}.Release|Any CPU.ActiveCfg = Release|Any CPU
		{DF1F7288-52A1-45CF-A817-C09CC79849D0}.Release|Any CPU.Build.0 = Release|Any CPU
		{1812EBF3-F3C6-427C-B0D3-555AF8FC5692}.Debug|Any CPU.ActiveCfg = Debug|Any CPU
		{1812EBF3-F3C6-427C-B0D3-555AF8FC5692}.Debug|Any CPU.Build.0 = Debug|Any CPU
		{1812EBF3-F3C6-427C-B0D3-555AF8FC5692}.Release|Any CPU.ActiveCfg = Release|Any CPU
		{1812EBF3-F3C6-427C-B0D3-555AF8FC5692}.Release|Any CPU.Build.0 = Release|Any CPU
	EndGlobalSection
	GlobalSection(SolutionProperties) = preSolution
		HideSolutionNode = FALSE
	EndGlobalSection
	GlobalSection(ExtensibilityGlobals) = postSolution
		SolutionGuid = {96C4063F-D2CA-43BD-AA23-5D633ACAE9AB}
	EndGlobalSection
EndGlobal
